{
  "version": 4,
  "terraform_version": "1.3.9",
  "serial": 605,
  "lineage": "4c5e20d1-280f-8085-c20c-4ad92a04329f",
  "outputs": {},
  "resources": [
    {
      "module": "module.networking",
      "mode": "managed",
      "type": "aws_vpc",
      "name": "aws_vpc",
      "provider": "provider[\"registry.terraform.io/hashicorp/aws\"]",
      "instances": [
        {
          "schema_version": 1,
          "attributes": {
            "arn": "arn:aws:ec2:us-east-1:141084936975:vpc/vpc-055322936a36dc319",
            "assign_generated_ipv6_cidr_block": false,
            "cidr_block": "10.120.0.0/16",
            "default_network_acl_id": "acl-0be983a07fab2da08",
            "default_route_table_id": "rtb-010d0bcd29b5f6667",
            "default_security_group_id": "sg-0b92df0d732345cc7",
            "dhcp_options_id": "dopt-0e429ac585a62c85d",
            "enable_classiclink": false,
            "enable_classiclink_dns_support": false,
            "enable_dns_hostnames": true,
            "enable_dns_support": true,
            "id": "vpc-055322936a36dc319",
            "instance_tenancy": "default",
            "ipv4_ipam_pool_id": null,
            "ipv4_netmask_length": null,
            "ipv6_association_id": "",
            "ipv6_cidr_block": "",
            "ipv6_cidr_block_network_border_group": "",
            "ipv6_ipam_pool_id": "",
            "ipv6_netmask_length": 0,
            "main_route_table_id": "rtb-010d0bcd29b5f6667",
            "owner_id": "141084936975",
            "tags": {
              "Name": "vpc_dev"
            },
            "tags_all": {
              "Name": "vpc_dev"
            }
          },
          "sensitive_attributes": [],
          "private": "eyJzY2hlbWFfdmVyc2lvbiI6IjEifQ==",
          "create_before_destroy": true
        }
      ]
    },
    {
      "module": "module.target_group_server_green",
      "mode": "managed",
      "type": "aws_alb_target_group",
      "name": "target_group",
      "provider": "provider[\"registry.terraform.io/hashicorp/aws\"]",
      "instances": [
        {
          "index_key": 0,
          "schema_version": 0,
          "attributes": {
            "arn": "arn:aws:elasticloadbalancing:us-east-1:141084936975:targetgroup/tg-dev-s-g/3baa0198d0b54c4e",
            "arn_suffix": "targetgroup/tg-dev-s-g/3baa0198d0b54c4e",
            "connection_termination": false,
            "deregistration_delay": "5",
            "health_check": [
              {
                "enabled": true,
                "healthy_threshold": 2,
                "interval": 15,
                "matcher": "200",
                "path": "/health",
                "port": "8000",
                "protocol": "HTTP",
                "timeout": 10,
                "unhealthy_threshold": 3
              }
            ],
            "id": "arn:aws:elasticloadbalancing:us-east-1:141084936975:targetgroup/tg-dev-s-g/3baa0198d0b54c4e",
            "lambda_multi_value_headers_enabled": false,
            "load_balancing_algorithm_type": "round_robin",
            "name": "tg-dev-s-g",
            "name_prefix": null,
            "port": 80,
            "preserve_client_ip": null,
            "protocol": "HTTP",
            "protocol_version": "HTTP1",
            "proxy_protocol_v2": false,
            "slow_start": 0,
            "stickiness": [
              {
                "cookie_duration": 86400,
                "cookie_name": "",
                "enabled": false,
                "type": "lb_cookie"
              }
            ],
            "tags": {},
            "tags_all": {},
            "target_type": "ip",
            "vpc_id": "vpc-055322936a36dc319"
          },
          "sensitive_attributes": [],
          "private": "bnVsbA==",
          "dependencies": [
            "module.networking.aws_vpc.aws_vpc"
          ],
          "create_before_destroy": true
        }
      ]
    }
  ],
  "check_results": null
}
